
Microsoft Visual Studio Solution File, Format Version 12.00
# Visual Studio 2012
Project("{FAE04EC0-301F-11D3-BF4B-00C04F79EFBC}") = "Mart_Management_System", "Mart_Management_System\Mart_Management_System.csproj", "{BBF98856-384C-41EF-9539-06FE1A785BEC}"
EndProject
Global
	GlobalSection(SolutionConfigurationPlatforms) = preSolution
		Debug|Any CPU = Debug|Any CPU
		Release|Any CPU = Release|Any CPU
	EndGlobalSection
	GlobalSection(ProjectConfigurationPlatforms) = postSolution
		{BBF98856-384C-41EF-9539-06FE1A785BEC}.Debug|Any CPU.ActiveCfg = Debug|Any CPU
		{BBF98856-384C-41EF-9539-06FE1A785BEC}.Debug|Any CPU.Build.0 = Debug|Any CPU
		{BBF98856-384C-41EF-9539-06FE1A785BEC}.Release|Any CPU.ActiveCfg = Release|Any CPU
		{BBF98856-384C-41EF-9539-06FE1A785BEC}.Release|Any CPU.Build.0 = Release|Any CPU
	EndGlobalSection
	GlobalSection(SolutionProperties) = preSolution
		HideSolutionNode = FALSE
	EndGlobalSection
EndGlobal
